
Microsoft Visual Studio Solution File, Format Version 12.00
# Visual Studio Version 17
VisualStudioVersion = 17.10.35004.147
MinimumVisualStudioVersion = 10.0.40219.1
Project("{FAE04EC0-301F-11D3-BF4B-00C04F79EFBC}") = "Moldoveanu_Iustin", "Moldoveanu_Iustin.csproj", "{78B0446E-5418-4B02-BA3E-C81763D56492}"
EndProject
Global
	GlobalSection(SolutionConfigurationPlatforms) = preSolution
		Debug|Any CPU = Debug|Any CPU
		Release|Any CPU = Release|Any CPU
	EndGlobalSection
	GlobalSection(ProjectConfigurationPlatforms) = postSolution
		{78B0446E-5418-4B02-BA3E-C81763D56492}.Debug|Any CPU.ActiveCfg = Debug|Any CPU
		{78B0446E-5418-4B02-BA3E-C81763D56492}.Debug|Any CPU.Build.0 = Debug|Any CPU
		{78B0446E-5418-4B02-BA3E-C81763D56492}.Release|Any CPU.ActiveCfg = Release|Any CPU
		{78B0446E-5418-4B02-BA3E-C81763D56492}.Release|Any CPU.Build.0 = Release|Any CPU
	EndGlobalSection
	GlobalSection(SolutionProperties) = preSolution
		HideSolutionNode = FALSE
	EndGlobalSection
	GlobalSection(ExtensibilityGlobals) = postSolution
		SolutionGuid = {BAE607ED-19DD-4ECE-A3BC-775C46F92097}
	EndGlobalSection
EndGlobal
